// !$*UTF8*$!
{
	archiveVersion = 1;
	classes = {
	};
	objectVersion = 55;
	objects = {

/* Begin PBXBuildFile section */
		1CE2BFDC27696B3B008BB906 /* AppDelegate.swift in Sources */ = {isa = PBXBuildFile; fileRef = 1CE2BFDB27696B3B008BB906 /* AppDelegate.swift */; };
		1CE2BFDE27696B3B008BB906 /* ContentView.swift in Sources */ = {isa = PBXBuildFile; fileRef = 1CE2BFDD27696B3B008BB906 /* ContentView.swift */; };
		1CE2BFE027696B3B008BB906 /* Experience.rcproject in Sources */ = {isa = PBXBuildFile; fileRef = 1CE2BFDF27696B3B008BB906 /* Experience.rcproject */; };
		1CE2BFE227696B3B008BB906 /* Assets.xcassets in Resources */ = {isa = PBXBuildFile; fileRef = 1CE2BFE127696B3B008BB906 /* Assets.xcassets */; };
		1CE2BFE527696B3B008BB906 /* Preview Assets.xcassets in Resources */ = {isa = PBXBuildFile; fileRef = 1CE2BFE427696B3B008BB906 /* Preview Assets.xcassets */; };
		1CE2BFEF27696B3B008BB906 /* ExampleARTests.swift in Sources */ = {isa = PBXBuildFile; fileRef = 1CE2BFEE27696B3B008BB906 /* ExampleARTests.swift */; };
		1CE2BFF927696B3C008BB906 /* ExampleARUITests.swift in Sources */ = {isa = PBXBuildFile; fileRef = 1CE2BFF827696B3C008BB906 /* ExampleARUITests.swift */; };
		1CE2BFFB27696B3C008BB906 /* ExampleARUITestsLaunchTests.swift in Sources */ = {isa = PBXBuildFile; fileRef = 1CE2BFFA27696B3C008BB906 /* ExampleARUITestsLaunchTests.swift */; };
/* End PBXBuildFile section */

/* Begin PBXContainerItemProxy section */
		1CE2BFEB27696B3B008BB906 /* PBXContainerItemProxy */ = {
			isa = PBXContainerItemProxy;
			containerPortal = 1CE2BFD027696B3B008BB906 /* Project object */;
			proxyType = 1;
			remoteGlobalIDString = 1CE2BFD727696B3B008BB906;
			remoteInfo = ExampleAR;
		};
		1CE2BFF527696B3C008BB906 /* PBXContainerItemProxy */ = {
			isa = PBXContainerItemProxy;
			containerPortal = 1CE2BFD027696B3B008BB906 /* Project object */;
			proxyType = 1;
			remoteGlobalIDString = 1CE2BFD727696B3B008BB906;
			remoteInfo = ExampleAR;
		};
/* End PBXContainerItemProxy section */

/* Begin PBXFileReference section */
		1CE2BFD827696B3B008BB906 /* ExampleAR.app */ = {isa = PBXFileReference; explicitFileType = wrapper.application; includeInIndex = 0; path = ExampleAR.app; sourceTree = BUILT_PRODUCTS_DIR; };
		1CE2BFDB27696B3B008BB906 /* AppDelegate.swift */ = {isa = PBXFileReference; lastKnownFileType = sourcecode.swift; path = AppDelegate.swift; sourceTree = "<group>"; };
		1CE2BFDD27696B3B008BB906 /* ContentView.swift */ = {isa = PBXFileReference; lastKnownFileType = sourcecode.swift; path = ContentView.swift; sourceTree = "<group>"; };
		1CE2BFDF27696B3B008BB906 /* Experience.rcproject */ = {isa = PBXFileReference; lastKnownFileType = file.rcproject; path = Experience.rcproject; sourceTree = "<group>"; };
		1CE2BFE127696B3B008BB906 /* Assets.xcassets */ = {isa = PBXFileReference; lastKnownFileType = folder.assetcatalog; path = Assets.xcassets; sourceTree = "<group>"; };
		1CE2BFE427696B3B008BB906 /* Preview Assets.xcassets */ = {isa = PBXFileReference; lastKnownFileType = folder.assetcatalog; path = "Preview Assets.xcassets"; sourceTree = "<group>"; };
		1CE2BFEA27696B3B008BB906 /* ExampleARTests.xctest */ = {isa = PBXFileReference; explicitFileType = wrapper.cfbundle; includeInIndex = 0; path = ExampleARTests.xctest; sourceTree = BUILT_PRODUCTS_DIR; };
		1CE2BFEE27696B3B008BB906 /* ExampleARTests.swift */ = {isa = PBXFileReference; lastKnownFileType = sourcecode.swift; path = ExampleARTests.swift; sourceTree = "<group>"; };
		1CE2BFF427696B3C008BB906 /* ExampleARUITests.xctest */ = {isa = PBXFileReference; explicitFileType = wrapper.cfbundle; includeInIndex = 0; path = ExampleARUITests.xctest; sourceTree = BUILT_PRODUCTS_DIR; };
		1CE2BFF827696B3C008BB906 /* ExampleARUITests.swift */ = {isa = PBXFileReference; lastKnownFileType = sourcecode.swift; path = ExampleARUITests.swift; sourceTree = "<group>"; };
		1CE2BFFA27696B3C008BB906 /* ExampleARUITestsLaunchTests.swift */ = {isa = PBXFileReference; lastKnownFileType = sourcecode.swift; path = ExampleARUITestsLaunchTests.swift; sourceTree = "<group>"; };
/* End PBXFileReference section */

/* Begin PBXFrameworksBuildPhase section */
		1CE2BFD527696B3B008BB906 /* Frameworks */ = {
			isa = PBXFrameworksBuildPhase;
			buildActionMask = 2147483647;
			files = (
			);
			runOnlyForDeploymentPostprocessing = 0;
		};
		1CE2BFE727696B3B008BB906 /* Frameworks */ = {
			isa = PBXFrameworksBuildPhase;
			buildActionMask = 2147483647;
			files = (
			);
			runOnlyForDeploymentPostprocessing = 0;
		};
		1CE2BFF127696B3C008BB906 /* Frameworks */ = {
			isa = PBXFrameworksBuildPhase;
			buildActionMask = 2147483647;
			files = (
			);
			runOnlyForDeploymentPostprocessing = 0;
		};
/* End PBXFrameworksBuildPhase section */

/* Begin PBXGroup section */
		1CE2BFCF27696B3B008BB906 = {
			isa = PBXGroup;
			children = (
				1CE2BFDA27696B3B008BB906 /* ExampleAR */,
				1CE2BFED27696B3B008BB906 /* ExampleARTests */,
				1CE2BFF727696B3C008BB906 /* ExampleARUITests */,
				1CE2BFD927696B3B008BB906 /* Products */,
			);
			sourceTree = "<group>";
		};
		1CE2BFD927696B3B008BB906 /* Products */ = {
			isa = PBXGroup;
			children = (
				1CE2BFD827696B3B008BB906 /* ExampleAR.app */,
				1CE2BFEA27696B3B008BB906 /* ExampleARTests.xctest */,
				1CE2BFF427696B3C008BB906 /* ExampleARUITests.xctest */,
			);
			name = Products;
			sourceTree = "<group>";
		};
		1CE2BFDA27696B3B008BB906 /* ExampleAR */ = {
			isa = PBXGroup;
			children = (
				1CE2BFDB27696B3B008BB906 /* AppDelegate.swift */,
				1CE2BFDD27696B3B008BB906 /* ContentView.swift */,
				1CE2BFDF27696B3B008BB906 /* Experience.rcproject */,
				1CE2BFE127696B3B008BB906 /* Assets.xcassets */,
				1CE2BFE327696B3B008BB906 /* Preview Content */,
			);
			path = ExampleAR;
			sourceTree = "<group>";
		};
		1CE2BFE327696B3B008BB906 /* Preview Content */ = {
			isa = PBXGroup;
			children = (
				1CE2BFE427696B3B008BB906 /* Preview Assets.xcassets */,
			);
			path = "Preview Content";
			sourceTree = "<group>";
		};
		1CE2BFED27696B3B008BB906 /* ExampleARTests */ = {
			isa = PBXGroup;
			children = (
				1CE2BFEE27696B3B008BB906 /* ExampleARTests.swift */,
			);
			path = ExampleARTests;
			sourceTree = "<group>";
		};
		1CE2BFF727696B3C008BB906 /* ExampleARUITests */ = {
			isa = PBXGroup;
			children = (
				1CE2BFF827696B3C008BB906 /* ExampleARUITests.swift */,
				1CE2BFFA27696B3C008BB906 /* ExampleARUITestsLaunchTests.swift */,
			);
			path = ExampleARUITests;
			sourceTree = "<group>";
		};
/* End PBXGroup section */

/* Begin PBXNativeTarget section */
		1CE2BFD727696B3B008BB906 /* ExampleAR */ = {
			isa = PBXNativeTarget;
			buildConfigurationList = 1CE2BFFE27696B3C008BB906 /* Build configuration list for PBXNativeTarget "ExampleAR" */;
			buildPhases = (
				1CE2BFD427696B3B008BB906 /* Sources */,
				1CE2BFD527696B3B008BB906 /* Frameworks */,
				1CE2BFD627696B3B008BB906 /* Resources */,
			);
			buildRules = (
			);
			dependencies = (
			);
			name = ExampleAR;
			productName = ExampleAR;
			productReference = 1CE2BFD827696B3B008BB906 /* ExampleAR.app */;
			productType = "com.apple.product-type.application";
		};
		1CE2BFE927696B3B008BB906 /* ExampleARTests */ = {
			isa = PBXNativeTarget;
			buildConfigurationList = 1CE2C00127696B3C008BB906 /* Build configuration list for PBXNativeTarget "ExampleARTests" */;
			buildPhases = (
				1CE2BFE627696B3B008BB906 /* Sources */,
				1CE2BFE727696B3B008BB906 /* Frameworks */,
				1CE2BFE827696B3B008BB906 /* Resources */,
			);
			buildRules = (
			);
			dependencies = (
				1CE2BFEC27696B3B008BB906 /* PBXTargetDependency */,
			);
			name = ExampleARTests;
			productName = ExampleARTests;
			productReference = 1CE2BFEA27696B3B008BB906 /* ExampleARTests.xctest */;
			productType = "com.apple.product-type.bundle.unit-test";
		};
		1CE2BFF327696B3C008BB906 /* ExampleARUITests */ = {
			isa = PBXNativeTarget;
			buildConfigurationList = 1CE2C00427696B3C008BB906 /* Build configuration list for PBXNativeTarget "ExampleARUITests" */;
			buildPhases = (
				1CE2BFF027696B3C008BB906 /* Sources */,
				1CE2BFF127696B3C008BB906 /* Frameworks */,
				1CE2BFF227696B3C008BB906 /* Resources */,
			);
			buildRules = (
			);
			dependencies = (
				1CE2BFF627696B3C008BB906 /* PBXTargetDependency */,
			);
			name = ExampleARUITests;
			productName = ExampleARUITests;
			productReference = 1CE2BFF427696B3C008BB906 /* ExampleARUITests.xctest */;
			productType = "com.apple.product-type.bundle.ui-testing";
		};
/* End PBXNativeTarget section */

/* Begin PBXProject section */
		1CE2BFD027696B3B008BB906 /* Project object */ = {
			isa = PBXProject;
			attributes = {
				BuildIndependentTargetsInParallel = 1;
				LastSwiftUpdateCheck = 1320;
				LastUpgradeCheck = 1320;
				TargetAttributes = {
					1CE2BFD727696B3B008BB906 = {
						CreatedOnToolsVersion = 13.2;
					};
					1CE2BFE927696B3B008BB906 = {
						CreatedOnToolsVersion = 13.2;
						TestTargetID = 1CE2BFD727696B3B008BB906;
					};
					1CE2BFF327696B3C008BB906 = {
						CreatedOnToolsVersion = 13.2;
						TestTargetID = 1CE2BFD727696B3B008BB906;
					};
				};
			};
			buildConfigurationList = 1CE2BFD327696B3B008BB906 /* Build configuration list for PBXProject "ExampleAR" */;
			compatibilityVersion = "Xcode 13.0";
			developmentRegion = en;
			hasScannedForEncodings = 0;
			knownRegions = (
				en,
				Base,
			);
			mainGroup = 1CE2BFCF27696B3B008BB906;
			productRefGroup = 1CE2BFD927696B3B008BB906 /* Products */;
			projectDirPath = "";
			projectRoot = "";
			targets = (
				1CE2BFD727696B3B008BB906 /* ExampleAR */,
				1CE2BFE927696B3B008BB906 /* ExampleARTests */,
				1CE2BFF327696B3C008BB906 /* ExampleARUITests */,
			);
		};
/* End PBXProject section */

/* Begin PBXResourcesBuildPhase section */
		1CE2BFD627696B3B008BB906 /* Resources */ = {
			isa = PBXResourcesBuildPhase;
			buildActionMask = 2147483647;
			files = (
				1CE2BFE527696B3B008BB906 /* Preview Assets.xcassets in Resources */,
				1CE2BFE227696B3B008BB906 /* Assets.xcassets in Resources */,
			);
			runOnlyForDeploymentPostprocessing = 0;
		};
		1CE2BFE827696B3B008BB906 /* Resources */ = {
			isa = PBXResourcesBuildPhase;
			buildActionMask = 2147483647;
			files = (
			);
			runOnlyForDeploymentPostprocessing = 0;
		};
		1CE2BFF227696B3C008BB906 /* Resources */ = {
			isa = PBXResourcesBuildPhase;
			buildActionMask = 2147483647;
			files = (
			);
			runOnlyForDeploymentPostprocessing = 0;
		};
/* End PBXResourcesBuildPhase section */

/* Begin PBXSourcesBuildPhase section */
		1CE2BFD427696B3B008BB906 /* Sources */ = {
			isa = PBXSourcesBuildPhase;
			buildActionMask = 2147483647;
			files = (
				1CE2BFDE27696B3B008BB906 /* ContentView.swift in Sources */,
				1CE2BFDC27696B3B008BB906 /* AppDelegate.swift in Sources */,
				1CE2BFE027696B3B008BB906 /* Experience.rcproject in Sources */,
			);
			runOnlyForDeploymentPostprocessing = 0;
		};
		1CE2BFE627696B3B008BB906 /* Sources */ = {
			isa = PBXSourcesBuildPhase;
			buildActionMask = 2147483647;
			files = (
				1CE2BFEF27696B3B008BB906 /* ExampleARTests.swift in Sources */,
			);
			runOnlyForDeploymentPostprocessing = 0;
		};
		1CE2BFF027696B3C008BB906 /* Sources */ = {
			isa = PBXSourcesBuildPhase;
			buildActionMask = 2147483647;
			files = (
				1CE2BFFB27696B3C008BB906 /* ExampleARUITestsLaunchTests.swift in Sources */,
				1CE2BFF927696B3C008BB906 /* ExampleARUITests.swift in Sources */,
			);
			runOnlyForDeploymentPostprocessing = 0;
		};
/* End PBXSourcesBuildPhase section */

/* Begin PBXTargetDependency section */
		1CE2BFEC27696B3B008BB906 /* PBXTargetDependency */ = {
			isa = PBXTargetDependency;
			target = 1CE2BFD727696B3B008BB906 /* ExampleAR */;
			targetProxy = 1CE2BFEB27696B3B008BB906 /* PBXContainerItemProxy */;
		};
		1CE2BFF627696B3C008BB906 /* PBXTargetDependency */ = {
			isa = PBXTargetDependency;
			target = 1CE2BFD727696B3B008BB906 /* ExampleAR */;
			targetProxy = 1CE2BFF527696B3C008BB906 /* PBXContainerItemProxy */;
		};
/* End PBXTargetDependency section */

/* Begin XCBuildConfiguration section */
		1CE2BFFC27696B3C008BB906 /* Debug */ = {
			isa = XCBuildConfiguration;
			buildSettings = {
				ALWAYS_SEARCH_USER_PATHS = NO;
				CLANG_ANALYZER_NONNULL = YES;
				CLANG_ANALYZER_NUMBER_OBJECT_CONVERSION = YES_AGGRESSIVE;
				CLANG_CXX_LANGUAGE_STANDARD = "gnu++17";
				CLANG_CXX_LIBRARY = "libc++";
				CLANG_ENABLE_MODULES = YES;
				CLANG_ENABLE_OBJC_ARC = YES;
				CLANG_ENABLE_OBJC_WEAK = YES;
				CLANG_WARN_BLOCK_CAPTURE_AUTORELEASING = YES;
				CLANG_WARN_BOOL_CONVERSION = YES;
				CLANG_WARN_COMMA = YES;
				CLANG_WARN_CONSTANT_CONVERSION = YES;
				CLANG_WARN_DEPRECATED_OBJC_IMPLEMENTATIONS = YES;
				CLANG_WARN_DIRECT_OBJC_ISA_USAGE = YES_ERROR;
				CLANG_WARN_DOCUMENTATION_COMMENTS = YES;
				CLANG_WARN_EMPTY_BODY = YES;
				CLANG_WARN_ENUM_CONVERSION = YES;
				CLANG_WARN_INFINITE_RECURSION = YES;
				CLANG_WARN_INT_CONVERSION = YES;
				CLANG_WARN_NON_LITERAL_NULL_CONVERSION = YES;
				CLANG_WARN_OBJC_IMPLICIT_RETAIN_SELF = YES;
				CLANG_WARN_OBJC_LITERAL_CONVERSION = YES;
				CLANG_WARN_OBJC_ROOT_CLASS = YES_ERROR;
				CLANG_WARN_QUOTED_INCLUDE_IN_FRAMEWORK_HEADER = YES;
				CLANG_WARN_RANGE_LOOP_ANALYSIS = YES;
				CLANG_WARN_STRICT_PROTOTYPES = YES;
				CLANG_WARN_SUSPICIOUS_MOVE = YES;
				CLANG_WARN_UNGUARDED_AVAILABILITY = YES_AGGRESSIVE;
				CLANG_WARN_UNREACHABLE_CODE = YES;
				CLANG_WARN__DUPLICATE_METHOD_MATCH = YES;
				COPY_PHASE_STRIP = NO;
				DEBUG_INFORMATION_FORMAT = dwarf;
				ENABLE_STRICT_OBJC_MSGSEND = YES;
				ENABLE_TESTABILITY = YES;
				GCC_C_LANGUAGE_STANDARD = gnu11;
				GCC_DYNAMIC_NO_PIC = NO;
				GCC_NO_COMMON_BLOCKS = YES;
				GCC_OPTIMIZATION_LEVEL = 0;
				GCC_PREPROCESSOR_DEFINITIONS = (
					"DEBUG=1",
					"$(inherited)",
				);
				GCC_WARN_64_TO_32_BIT_CONVERSION = YES;
				GCC_WARN_ABOUT_RETURN_TYPE = YES_ERROR;
				GCC_WARN_UNDECLARED_SELECTOR = YES;
				GCC_WARN_UNINITIALIZED_AUTOS = YES_AGGRESSIVE;
				GCC_WARN_UNUSED_FUNCTION = YES;
				GCC_WARN_UNUSED_VARIABLE = YES;
				IPHONEOS_DEPLOYMENT_TARGET = 15.2;
				MTL_ENABLE_DEBUG_INFO = INCLUDE_SOURCE;
				MTL_FAST_MATH = YES;
				ONLY_ACTIVE_ARCH = YES;
				SDKROOT = iphoneos;
				SWIFT_ACTIVE_COMPILATION_CONDITIONS = DEBUG;
				SWIFT_OPTIMIZATION_LEVEL = "-Onone";
			};
			name = Debug;
		};
		1CE2BFFD27696B3C008BB906 /* Release */ = {
			isa = XCBuildConfiguration;
			buildSettings = {
				ALWAYS_SEARCH_USER_PATHS = NO;
				CLANG_ANALYZER_NONNULL = YES;
				CLANG_ANALYZER_NUMBER_OBJECT_CONVERSION = YES_AGGRESSIVE;
				CLANG_CXX_LANGUAGE_STANDARD = "gnu++17";
				CLANG_CXX_LIBRARY = "libc++";
				CLANG_ENABLE_MODULES = YES;
				CLANG_ENABLE_OBJC_ARC = YES;
				CLANG_ENABLE_OBJC_WEAK = YES;
				CLANG_WARN_BLOCK_CAPTURE_AUTORELEASING = YES;
				CLANG_WARN_BOOL_CONVERSION = YES;
				CLANG_WARN_COMMA = YES;
				CLANG_WARN_CONSTANT_CONVERSION = YES;
				CLANG_WARN_DEPRECATED_OBJC_IMPLEMENTATIONS = YES;
				CLANG_WARN_DIRECT_OBJC_ISA_USAGE = YES_ERROR;
				CLANG_WARN_DOCUMENTATION_COMMENTS = YES;
				CLANG_WARN_EMPTY_BODY = YES;
				CLANG_WARN_ENUM_CONVERSION = YES;
				CLANG_WARN_INFINITE_RECURSION = YES;
				CLANG_WARN_INT_CONVERSION = YES;
				CLANG_WARN_NON_LITERAL_NULL_CONVERSION = YES;
				CLANG_WARN_OBJC_IMPLICIT_RETAIN_SELF = YES;
				CLANG_WARN_OBJC_LITERAL_CONVERSION = YES;
				CLANG_WARN_OBJC_ROOT_CLASS = YES_ERROR;
				CLANG_WARN_QUOTED_INCLUDE_IN_FRAMEWORK_HEADER = YES;
				CLANG_WARN_RANGE_LOOP_ANALYSIS = YES;
				CLANG_WARN_STRICT_PROTOTYPES = YES;
				CLANG_WARN_SUSPICIOUS_MOVE = YES;
				CLANG_WARN_UNGUARDED_AVAILABILITY = YES_AGGRESSIVE;
				CLANG_WARN_UNREACHABLE_CODE = YES;
				CLANG_WARN__DUPLICATE_METHOD_MATCH = YES;
				COPY_PHASE_STRIP = NO;
				DEBUG_INFORMATION_FORMAT = "dwarf-with-dsym";
				ENABLE_NS_ASSERTIONS = NO;
				ENABLE_STRICT_OBJC_MSGSEND = YES;
				GCC_C_LANGUAGE_STANDARD = gnu11;
				GCC_NO_COMMON_BLOCKS = YES;
				GCC_WARN_64_TO_32_BIT_CONVERSION = YES;
				GCC_WARN_ABOUT_RETURN_TYPE = YES_ERROR;
				GCC_WARN_UNDECLARED_SELECTOR = YES;
				GCC_WARN_UNINITIALIZED_AUTOS = YES_AGGRESSIVE;
				GCC_WARN_UNUSED_FUNCTION = YES;
				GCC_WARN_UNUSED_VARIABLE = YES;
				IPHONEOS_DEPLOYMENT_TARGET = 15.2;
				MTL_ENABLE_DEBUG_INFO = NO;
				MTL_FAST_MATH = YES;
				SDKROOT = iphoneos;
				SWIFT_COMPILATION_MODE = wholemodule;
				SWIFT_OPTIMIZATION_LEVEL = "-O";
				VALIDATE_PRODUCT = YES;
			};
			name = Release;
		};
		1CE2BFFF27696B3C008BB906 /* Debug */ = {
			isa = XCBuildConfiguration;
			buildSettings = {
				ASSETCATALOG_COMPILER_APPICON_NAME = AppIcon;
				ASSETCATALOG_COMPILER_GLOBAL_ACCENT_COLOR_NAME = AccentColor;
				CODE_SIGN_STYLE = Automatic;
				CURRENT_PROJECT_VERSION = 1;
				DEVELOPMENT_ASSET_PATHS = "\"ExampleAR/Preview Content\"";
				DEVELOPMENT_TEAM = G7TP5FD688;
				ENABLE_PREVIEWS = YES;
				GENERATE_INFOPLIST_FILE = YES;
				INFOPLIST_KEY_NSCameraUsageDescription = "";
				INFOPLIST_KEY_UIApplicationSupportsIndirectInputEvents = YES;
				INFOPLIST_KEY_UILaunchScreen_Generation = YES;
				INFOPLIST_KEY_UIRequiredDeviceCapabilities = arkit;
				INFOPLIST_KEY_UIStatusBarHidden = YES;
				INFOPLIST_KEY_UISupportedInterfaceOrientations_iPad = "UIInterfaceOrientationPortrait UIInterfaceOrientationPortraitUpsideDown UIInterfaceOrientationLandscapeLeft UIInterfaceOrientationLandscapeRight";
				INFOPLIST_KEY_UISupportedInterfaceOrientations_iPhone = "UIInterfaceOrientationPortrait UIInterfaceOrientationLandscapeLeft UIInterfaceOrientationLandscapeRight";
				LD_RUNPATH_SEARCH_PATHS = (
					"$(inherited)",
					"@executable_path/Frameworks",
				);
				MARKETING_VERSION = 1.0;
				PRODUCT_BUNDLE_IDENTIFIER = com.snowyla.ExampleAR;
				PRODUCT_NAME = "$(TARGET_NAME)";
				SWIFT_EMIT_LOC_STRINGS = YES;
				SWIFT_VERSION = 5.0;
				TARGETED_DEVICE_FAMILY = "1,2";
			};
			name = Debug;
		};
		1CE2C00027696B3C008BB906 /* Release */ = {
			isa = XCBuildConfiguration;
			buildSettings = {
				ASSETCATALOG_COMPILER_APPICON_NAME = AppIcon;
				ASSETCATALOG_COMPILER_GLOBAL_ACCENT_COLOR_NAME = AccentColor;
				CODE_SIGN_STYLE = Automatic;
				CURRENT_PROJECT_VERSION = 1;
				DEVELOPMENT_ASSET_PATHS = "\"ExampleAR/Preview Content\"";
				DEVELOPMENT_TEAM = G7TP5FD688;
				ENABLE_PREVIEWS = YES;
				GENERATE_INFOPLIST_FILE = YES;
				INFOPLIST_KEY_NSCameraUsageDescription = "";
				INFOPLIST_KEY_UIApplicationSupportsIndirectInputEvents = YES;
				INFOPLIST_KEY_UILaunchScreen_Generation = YES;
				INFOPLIST_KEY_UIRequiredDeviceCapabilities = arkit;
				INFOPLIST_KEY_UIStatusBarHidden = YES;
				INFOPLIST_KEY_UISupportedInterfaceOrientations_iPad = "UIInterfaceOrientationPortrait UIInterfaceOrientationPortraitUpsideDown UIInterfaceOrientationLandscapeLeft UIInterfaceOrientationLandscapeRight";
				INFOPLIST_KEY_UISupportedInterfaceOrientations_iPhone = "UIInterfaceOrientationPortrait UIInterfaceOrientationLandscapeLeft UIInterfaceOrientationLandscapeRight";
				LD_RUNPATH_SEARCH_PATHS = (
					"$(inherited)",
					"@executable_path/Frameworks",
				);
				MARKETING_VERSION = 1.0;
				PRODUCT_BUNDLE_IDENTIFIER = com.snowyla.ExampleAR;
				PRODUCT_NAME = "$(TARGET_NAME)";
				SWIFT_EMIT_LOC_STRINGS = YES;
				SWIFT_VERSION = 5.0;
				TARGETED_DEVICE_FAMILY = "1,2";
			};
			name = Release;
		};
		1CE2C00227696B3C008BB906 /* Debug */ = {
			isa = XCBuildConfiguration;
			buildSettings = {
				ALWAYS_EMBED_SWIFT_STANDARD_LIBRARIES = YES;
				BUNDLE_LOADER = "$(TEST_HOST)";
				CODE_SIGN_STYLE = Automatic;
				CURRENT_PROJECT_VERSION = 1;
				GENERATE_INFOPLIST_FILE = YES;
				IPHONEOS_DEPLOYMENT_TARGET = 15.2;
				MARKETING_VERSION = 1.0;
				PRODUCT_BUNDLE_IDENTIFIER = com.snowyla.ExampleARTests;
				PRODUCT_NAME = "$(TARGET_NAME)";
				SWIFT_EMIT_LOC_STRINGS = NO;
				SWIFT_VERSION = 5.0;
				TARGETED_DEVICE_FAMILY = "1,2";
				TEST_HOST = "$(BUILT_PRODUCTS_DIR)/ExampleAR.app/ExampleAR";
			};
			name = Debug;
		};
		1CE2C00327696B3C008BB906 /* Release */ = {
			isa = XCBuildConfiguration;
			buildSettings = {
				ALWAYS_EMBED_SWIFT_STANDARD_LIBRARIES = YES;
				BUNDLE_LOADER = "$(TEST_HOST)";
				CODE_SIGN_STYLE = Automatic;
				CURRENT_PROJECT_VERSION = 1;
				GENERATE_INFOPLIST_FILE = YES;
				IPHONEOS_DEPLOYMENT_TARGET = 15.2;
				MARKETING_VERSION = 1.0;
				PRODUCT_BUNDLE_IDENTIFIER = com.snowyla.ExampleARTests;
				PRODUCT_NAME = "$(TARGET_NAME)";
				SWIFT_EMIT_LOC_STRINGS = NO;
				SWIFT_VERSION = 5.0;
				TARGETED_DEVICE_FAMILY = "1,2";
				TEST_HOST = "$(BUILT_PRODUCTS_DIR)/ExampleAR.app/ExampleAR";
			};
			name = Release;
		};
		1CE2C00527696B3C008BB906 /* Debug */ = {
			isa = XCBuildConfiguration;
			buildSettings = {
				ALWAYS_EMBED_SWIFT_STANDARD_LIBRARIES = YES;
				CODE_SIGN_STYLE = Automatic;
				CURRENT_PROJECT_VERSION = 1;
				GENERATE_INFOPLIST_FILE = YES;
				MARKETING_VERSION = 1.0;
				PRODUCT_BUNDLE_IDENTIFIER = com.snowyla.ExampleARUITests;
				PRODUCT_NAME = "$(TARGET_NAME)";
				SWIFT_EMIT_LOC_STRINGS = NO;
				SWIFT_VERSION = 5.0;
				TARGETED_DEVICE_FAMILY = "1,2";
				TEST_TARGET_NAME = ExampleAR;
			};
			name = Debug;
		};
		1CE2C00627696B3C008BB906 /* Release */ = {
			isa = XCBuildConfiguration;
			buildSettings = {
				ALWAYS_EMBED_SWIFT_STANDARD_LIBRARIES = YES;
				CODE_SIGN_STYLE = Automatic;
				CURRENT_PROJECT_VERSION = 1;
				GENERATE_INFOPLIST_FILE = YES;
				MARKETING_VERSION = 1.0;
				PRODUCT_BUNDLE_IDENTIFIER = com.snowyla.ExampleARUITests;
				PRODUCT_NAME = "$(TARGET_NAME)";
				SWIFT_EMIT_LOC_STRINGS = NO;
				SWIFT_VERSION = 5.0;
				TARGETED_DEVICE_FAMILY = "1,2";
				TEST_TARGET_NAME = ExampleAR;
			};
			name = Release;
		};
/* End XCBuildConfiguration section */

/* Begin XCConfigurationList section */
		1CE2BFD327696B3B008BB906 /* Build configuration list for PBXProject "ExampleAR" */ = {
			isa = XCConfigurationList;
			buildConfigurations = (
				1CE2BFFC27696B3C008BB906 /* Debug */,
				1CE2BFFD27696B3C008BB906 /* Release */,
			);
			defaultConfigurationIsVisible = 0;
			defaultConfigurationName = Release;
		};
		1CE2BFFE27696B3C008BB906 /* Build configuration list for PBXNativeTarget "ExampleAR" */ = {
			isa = XCConfigurationList;
			buildConfigurations = (
				1CE2BFFF27696B3C008BB906 /* Debug */,
				1CE2C00027696B3C008BB906 /* Release */,
			);
			defaultConfigurationIsVisible = 0;
			defaultConfigurationName = Release;
		};
		1CE2C00127696B3C008BB906 /* Build configuration list for PBXNativeTarget "ExampleARTests" */ = {
			isa = XCConfigurationList;
			buildConfigurations = (
				1CE2C00227696B3C008BB906 /* Debug */,
				1CE2C00327696B3C008BB906 /* Release */,
			);
			defaultConfigurationIsVisible = 0;
			defaultConfigurationName = Release;
		};
		1CE2C00427696B3C008BB906 /* Build configuration list for PBXNativeTarget "ExampleARUITests" */ = {
			isa = XCConfigurationList;
			buildConfigurations = (
				1CE2C00527696B3C008BB906 /* Debug */,
				1CE2C00627696B3C008BB906 /* Release */,
			);
			defaultConfigurationIsVisible = 0;
			defaultConfigurationName = Release;
		};
/* End XCConfigurationList section */
	};
	rootObject = 1CE2BFD027696B3B008BB906 /* Project object */;
}
